
Microsoft Visual Studio Solution File, Format Version 12.00
# Visual Studio Version 17
VisualStudioVersion = 17.14.36603.0
MinimumVisualStudioVersion = 10.0.40219.1
Project("{FAE04EC0-301F-11D3-BF4B-00C04F79EFBC}") = "ToDo.Api", "ToDo.Api.csproj", "{406C4319-6998-4627-8CC9-9E6B62A451F1}"
EndProject
Project("{FAE04EC0-301F-11D3-BF4B-00C04F79EFBC}") = "ToDo.Tests", "..\ToDo.Tests\ToDo.Tests.csproj", "{5A39C475-2284-456B-A610-D898E15024B4}"
EndProject
Project("{FAE04EC0-301F-11D3-BF4B-00C04F79EFBC}") = "ToDo.DAL", "..\ToDo.DAL\ToDo.DAL.csproj", "{81D6987D-AD89-4CCA-B25F-B3FEB770F502}"
EndProject
Global
	GlobalSection(SolutionConfigurationPlatforms) = preSolution
		Debug|Any CPU = Debug|Any CPU
		Release|Any CPU = Release|Any CPU
	EndGlobalSection
	GlobalSection(ProjectConfigurationPlatforms) = postSolution
		{406C4319-6998-4627-8CC9-9E6B62A451F1}.Debug|Any CPU.ActiveCfg = Debug|Any CPU
		{406C4319-6998-4627-8CC9-9E6B62A451F1}.Debug|Any CPU.Build.0 = Debug|Any CPU
		{406C4319-6998-4627-8CC9-9E6B62A451F1}.Release|Any CPU.ActiveCfg = Release|Any CPU
		{406C4319-6998-4627-8CC9-9E6B62A451F1}.Release|Any CPU.Build.0 = Release|Any CPU
		{5A39C475-2284-456B-A610-D898E15024B4}.Debug|Any CPU.ActiveCfg = Debug|Any CPU
		{5A39C475-2284-456B-A610-D898E15024B4}.Debug|Any CPU.Build.0 = Debug|Any CPU
		{5A39C475-2284-456B-A610-D898E15024B4}.Release|Any CPU.ActiveCfg = Release|Any CPU
		{5A39C475-2284-456B-A610-D898E15024B4}.Release|Any CPU.Build.0 = Release|Any CPU
		{81D6987D-AD89-4CCA-B25F-B3FEB770F502}.Debug|Any CPU.ActiveCfg = Debug|Any CPU
		{81D6987D-AD89-4CCA-B25F-B3FEB770F502}.Debug|Any CPU.Build.0 = Debug|Any CPU
		{81D6987D-AD89-4CCA-B25F-B3FEB770F502}.Release|Any CPU.ActiveCfg = Release|Any CPU
		{81D6987D-AD89-4CCA-B25F-B3FEB770F502}.Release|Any CPU.Build.0 = Release|Any CPU
	EndGlobalSection
	GlobalSection(SolutionProperties) = preSolution
		HideSolutionNode = FALSE
	EndGlobalSection
	GlobalSection(ExtensibilityGlobals) = postSolution
		SolutionGuid = {1D037949-B80E-46EB-8727-C2A55A03B01A}
	EndGlobalSection
EndGlobal
